
Microsoft Visual Studio Solution File, Format Version 12.00
# Visual Studio Version 17
VisualStudioVersion = 17.7.34031.279
MinimumVisualStudioVersion = 10.0.40219.1
Project("{9A19103F-16F7-4668-BE54-9A1E7A4F7556}") = "Travellers.Entities", "Travellers.Entities\Travellers.Entities.csproj", "{C6A25391-CF24-4050-B2F9-89B04E2EB6FB}"
EndProject
Project("{9A19103F-16F7-4668-BE54-9A1E7A4F7556}") = "Travellers.DataAccess", "Travellers.DataAccess\Travellers.DataAccess.csproj", "{316E401E-3BA9-4FF3-84E1-8C8853A7B6A8}"
EndProject
Project("{9A19103F-16F7-4668-BE54-9A1E7A4F7556}") = "Travellers.Business", "Travellers.Business\Travellers.Business.csproj", "{E801A982-7123-4DF0-B297-5B558AEE78F9}"
EndProject
Project("{9A19103F-16F7-4668-BE54-9A1E7A4F7556}") = "Travellers.Core", "Travellers.Core\Travellers.Core.csproj", "{4B471ED5-AC67-41A6-8C12-BDD1B785A6DB}"
EndProject
Project("{9A19103F-16F7-4668-BE54-9A1E7A4F7556}") = "Traveller.WebUI", "Traveller.WebUI\Traveller.WebUI.csproj", "{70FD8AFC-8563-4190-95CA-2F0017AAE0D2}"
EndProject
Project("{FAE04EC0-301F-11D3-BF4B-00C04F79EFBC}") = "Travellers.WebApi", "Travellers.WebApi\Travellers.WebApi.csproj", "{E4BE6E29-1D61-4F69-894B-7591CC58C707}"
EndProject
Global
	GlobalSection(SolutionConfigurationPlatforms) = preSolution
		Debug|Any CPU = Debug|Any CPU
		Release|Any CPU = Release|Any CPU
	EndGlobalSection
	GlobalSection(ProjectConfigurationPlatforms) = postSolution
		{C6A25391-CF24-4050-B2F9-89B04E2EB6FB}.Debug|Any CPU.ActiveCfg = Debug|Any CPU
		{C6A25391-CF24-4050-B2F9-89B04E2EB6FB}.Debug|Any CPU.Build.0 = Debug|Any CPU
		{C6A25391-CF24-4050-B2F9-89B04E2EB6FB}.Release|Any CPU.ActiveCfg = Release|Any CPU
		{C6A25391-CF24-4050-B2F9-89B04E2EB6FB}.Release|Any CPU.Build.0 = Release|Any CPU
		{316E401E-3BA9-4FF3-84E1-8C8853A7B6A8}.Debug|Any CPU.ActiveCfg = Debug|Any CPU
		{316E401E-3BA9-4FF3-84E1-8C8853A7B6A8}.Debug|Any CPU.Build.0 = Debug|Any CPU
		{316E401E-3BA9-4FF3-84E1-8C8853A7B6A8}.Release|Any CPU.ActiveCfg = Release|Any CPU
		{316E401E-3BA9-4FF3-84E1-8C8853A7B6A8}.Release|Any CPU.Build.0 = Release|Any CPU
		{E801A982-7123-4DF0-B297-5B558AEE78F9}.Debug|Any CPU.ActiveCfg = Debug|Any CPU
		{E801A982-7123-4DF0-B297-5B558AEE78F9}.Debug|Any CPU.Build.0 = Debug|Any CPU
		{E801A982-7123-4DF0-B297-5B558AEE78F9}.Release|Any CPU.ActiveCfg = Release|Any CPU
		{E801A982-7123-4DF0-B297-5B558AEE78F9}.Release|Any CPU.Build.0 = Release|Any CPU
		{4B471ED5-AC67-41A6-8C12-BDD1B785A6DB}.Debug|Any CPU.ActiveCfg = Debug|Any CPU
		{4B471ED5-AC67-41A6-8C12-BDD1B785A6DB}.Debug|Any CPU.Build.0 = Debug|Any CPU
		{4B471ED5-AC67-41A6-8C12-BDD1B785A6DB}.Release|Any CPU.ActiveCfg = Release|Any CPU
		{4B471ED5-AC67-41A6-8C12-BDD1B785A6DB}.Release|Any CPU.Build.0 = Release|Any CPU
		{70FD8AFC-8563-4190-95CA-2F0017AAE0D2}.Debug|Any CPU.ActiveCfg = Debug|Any CPU
		{70FD8AFC-8563-4190-95CA-2F0017AAE0D2}.Debug|Any CPU.Build.0 = Debug|Any CPU
		{70FD8AFC-8563-4190-95CA-2F0017AAE0D2}.Release|Any CPU.ActiveCfg = Release|Any CPU
		{70FD8AFC-8563-4190-95CA-2F0017AAE0D2}.Release|Any CPU.Build.0 = Release|Any CPU
		{E4BE6E29-1D61-4F69-894B-7591CC58C707}.Debug|Any CPU.ActiveCfg = Debug|Any CPU
		{E4BE6E29-1D61-4F69-894B-7591CC58C707}.Debug|Any CPU.Build.0 = Debug|Any CPU
		{E4BE6E29-1D61-4F69-894B-7591CC58C707}.Release|Any CPU.ActiveCfg = Release|Any CPU
		{E4BE6E29-1D61-4F69-894B-7591CC58C707}.Release|Any CPU.Build.0 = Release|Any CPU
	EndGlobalSection
	GlobalSection(SolutionProperties) = preSolution
		HideSolutionNode = FALSE
	EndGlobalSection
	GlobalSection(ExtensibilityGlobals) = postSolution
		SolutionGuid = {90526DFA-4314-4239-AC34-E1662651D350}
	EndGlobalSection
EndGlobal
